
Microsoft Visual Studio Solution File, Format Version 12.00
# Visual Studio 15
VisualStudioVersion = 15.0.28010.2046
MinimumVisualStudioVersion = 10.0.40219.1
Project("{9A19103F-16F7-4668-BE54-9A1E7A4F7556}") = "Person", "Person\Person.csproj", "{783441EF-0314-4363-BE8E-E212D2B302F0}"
EndProject
Project("{9A19103F-16F7-4668-BE54-9A1E7A4F7556}") = "BookShop", "BookShop\BookShop.csproj", "{8443FE34-339D-4765-9C75-94EE8FB13FAE}"
EndProject
Project("{9A19103F-16F7-4668-BE54-9A1E7A4F7556}") = "Mankind", "Mankind\Mankind.csproj", "{B7610502-3961-467C-BB18-FE976D5E1D27}"
EndProject
Project("{9A19103F-16F7-4668-BE54-9A1E7A4F7556}") = "OnlineRadioDatabase", "OnlineRadioDatabase\OnlineRadioDatabase.csproj", "{734C8745-C02B-4DCA-A863-ADDA79D83A47}"
EndProject
Project("{FAE04EC0-301F-11D3-BF4B-00C04F79EFBC}") = "Mordor’sCruelPlan", "Mordor’sCruelPlan\Mordor’sCruelPlan.csproj", "{B77E2637-C52F-44DF-9D2A-37F283F976DD}"
EndProject
Project("{FAE04EC0-301F-11D3-BF4B-00C04F79EFBC}") = "Animals", "Animals\Animals.csproj", "{D063A981-B8E5-40DB-A56A-F46D644C3989}"
EndProject
Global
	GlobalSection(SolutionConfigurationPlatforms) = preSolution
		Debug|Any CPU = Debug|Any CPU
		Release|Any CPU = Release|Any CPU
	EndGlobalSection
	GlobalSection(ProjectConfigurationPlatforms) = postSolution
		{783441EF-0314-4363-BE8E-E212D2B302F0}.Debug|Any CPU.ActiveCfg = Debug|Any CPU
		{783441EF-0314-4363-BE8E-E212D2B302F0}.Debug|Any CPU.Build.0 = Debug|Any CPU
		{783441EF-0314-4363-BE8E-E212D2B302F0}.Release|Any CPU.ActiveCfg = Release|Any CPU
		{783441EF-0314-4363-BE8E-E212D2B302F0}.Release|Any CPU.Build.0 = Release|Any CPU
		{8443FE34-339D-4765-9C75-94EE8FB13FAE}.Debug|Any CPU.ActiveCfg = Debug|Any CPU
		{8443FE34-339D-4765-9C75-94EE8FB13FAE}.Debug|Any CPU.Build.0 = Debug|Any CPU
		{8443FE34-339D-4765-9C75-94EE8FB13FAE}.Release|Any CPU.ActiveCfg = Release|Any CPU
		{8443FE34-339D-4765-9C75-94EE8FB13FAE}.Release|Any CPU.Build.0 = Release|Any CPU
		{B7610502-3961-467C-BB18-FE976D5E1D27}.Debug|Any CPU.ActiveCfg = Debug|Any CPU
		{B7610502-3961-467C-BB18-FE976D5E1D27}.Debug|Any CPU.Build.0 = Debug|Any CPU
		{B7610502-3961-467C-BB18-FE976D5E1D27}.Release|Any CPU.ActiveCfg = Release|Any CPU
		{B7610502-3961-467C-BB18-FE976D5E1D27}.Release|Any CPU.Build.0 = Release|Any CPU
		{734C8745-C02B-4DCA-A863-ADDA79D83A47}.Debug|Any CPU.ActiveCfg = Debug|Any CPU
		{734C8745-C02B-4DCA-A863-ADDA79D83A47}.Debug|Any CPU.Build.0 = Debug|Any CPU
		{734C8745-C02B-4DCA-A863-ADDA79D83A47}.Release|Any CPU.ActiveCfg = Release|Any CPU
		{734C8745-C02B-4DCA-A863-ADDA79D83A47}.Release|Any CPU.Build.0 = Release|Any CPU
		{B77E2637-C52F-44DF-9D2A-37F283F976DD}.Debug|Any CPU.ActiveCfg = Debug|Any CPU
		{B77E2637-C52F-44DF-9D2A-37F283F976DD}.Debug|Any CPU.Build.0 = Debug|Any CPU
		{B77E2637-C52F-44DF-9D2A-37F283F976DD}.Release|Any CPU.ActiveCfg = Release|Any CPU
		{B77E2637-C52F-44DF-9D2A-37F283F976DD}.Release|Any CPU.Build.0 = Release|Any CPU
		{D063A981-B8E5-40DB-A56A-F46D644C3989}.Debug|Any CPU.ActiveCfg = Debug|Any CPU
		{D063A981-B8E5-40DB-A56A-F46D644C3989}.Debug|Any CPU.Build.0 = Debug|Any CPU
		{D063A981-B8E5-40DB-A56A-F46D644C3989}.Release|Any CPU.ActiveCfg = Release|Any CPU
		{D063A981-B8E5-40DB-A56A-F46D644C3989}.Release|Any CPU.Build.0 = Release|Any CPU
	EndGlobalSection
	GlobalSection(SolutionProperties) = preSolution
		HideSolutionNode = FALSE
	EndGlobalSection
	GlobalSection(ExtensibilityGlobals) = postSolution
		SolutionGuid = {3F8CAF31-D7AD-413C-8273-6BD43F0FEEF7}
	EndGlobalSection
EndGlobal
