
Microsoft Visual Studio Solution File, Format Version 12.00
# Visual Studio 15
VisualStudioVersion = 15.0.27428.2037
MinimumVisualStudioVersion = 10.0.40219.1
Project("{9A19103F-16F7-4668-BE54-9A1E7A4F7556}") = "Pr.3RestaurantDiscount", "FirstProblem\Pr.3RestaurantDiscount.csproj", "{9EDD522B-97E3-40D1-BFD3-E7BCA75655F1}"
EndProject
Project("{9A19103F-16F7-4668-BE54-9A1E7A4F7556}") = "Pr.4Hotel", "SecondProblem\Pr.4Hotel.csproj", "{84E29F43-EE64-4306-A969-8BAC95C75408}"
EndProject
Project("{9A19103F-16F7-4668-BE54-9A1E7A4F7556}") = "Pr.5WordInPlural", "ThirdProblem\Pr.5WordInPlural.csproj", "{DE6F291F-37DB-490A-A2F3-2B0A713FE01D}"
EndProject
Project("{9A19103F-16F7-4668-BE54-9A1E7A4F7556}") = "Pr.6IntervalOfNumbers", "Pr.6IntervalOfNumbers\Pr.6IntervalOfNumbers.csproj", "{BE83D866-953F-4871-889F-774C3E097AFE}"
EndProject
Project("{9A19103F-16F7-4668-BE54-9A1E7A4F7556}") = "Pr.7CakeIngredients", "Pr.7CakeIngredients\Pr.7CakeIngredients.csproj", "{57BE1471-66E1-4430-8082-CBF3A0917A85}"
EndProject
Project("{9A19103F-16F7-4668-BE54-9A1E7A4F7556}") = "Pr.8CaloriesCounter", "Pr.8CaloriesCounter\Pr.8CaloriesCounter.csproj", "{D2FC9F21-002E-44B2-A2AB-AEE7DD68C9EF}"
EndProject
Project("{9A19103F-16F7-4668-BE54-9A1E7A4F7556}") = "Pr.9CountTheIntegers", "Pr.9CountTheIntegers\Pr.9CountTheIntegers.csproj", "{2767CD96-F9A4-4088-A36E-18ACC1B48FC5}"
EndProject
Project("{9A19103F-16F7-4668-BE54-9A1E7A4F7556}") = "Pr.10TriangleOfNumbers", "Pr.10TriangleOfNumbers\Pr.10TriangleOfNumbers.csproj", "{DC67ABEB-9B9B-4958-AB37-73A2ADCD7830}"
EndProject
Project("{9A19103F-16F7-4668-BE54-9A1E7A4F7556}") = "Pr.11_5DifferentNumbers", "Pr.11_5DifferentNumbers\Pr.11_5DifferentNumbers.csproj", "{7E8314A6-5BAA-4CA6-BB95-F1E413BED6FF}"
EndProject
Project("{9A19103F-16F7-4668-BE54-9A1E7A4F7556}") = "Pr.12TestNumbers", "Pr.12TestNumbers\Pr.12TestNumbers.csproj", "{3D5DBB36-72AF-46FB-AE9B-EB30660DCD36}"
EndProject
Project("{9A19103F-16F7-4668-BE54-9A1E7A4F7556}") = "Pt.13GameOfNumbers", "Pt.13GameOfNumbers\Pt.13GameOfNumbers.csproj", "{F2AB9CF3-3D8D-490A-A38F-F5AB75AC0208}"
EndProject
Project("{FAE04EC0-301F-11D3-BF4B-00C04F79EFBC}") = "Pr.14MagicLetter", "Pr.14MagicLetter\Pr.14MagicLetter.csproj", "{6372DEF6-56A8-4CA1-B495-4E0EF0BA1E7F}"
EndProject
Project("{FAE04EC0-301F-11D3-BF4B-00C04F79EFBC}") = "Pt.15NeighbourWars", "Pt.15NeighbourWars\Pt.15NeighbourWars.csproj", "{D7D3A61B-A933-499A-9B41-1A1B3FAE2568}"
EndProject
Global
	GlobalSection(SolutionConfigurationPlatforms) = preSolution
		Debug|Any CPU = Debug|Any CPU
		Release|Any CPU = Release|Any CPU
	EndGlobalSection
	GlobalSection(ProjectConfigurationPlatforms) = postSolution
		{9EDD522B-97E3-40D1-BFD3-E7BCA75655F1}.Debug|Any CPU.ActiveCfg = Debug|Any CPU
		{9EDD522B-97E3-40D1-BFD3-E7BCA75655F1}.Debug|Any CPU.Build.0 = Debug|Any CPU
		{9EDD522B-97E3-40D1-BFD3-E7BCA75655F1}.Release|Any CPU.ActiveCfg = Release|Any CPU
		{9EDD522B-97E3-40D1-BFD3-E7BCA75655F1}.Release|Any CPU.Build.0 = Release|Any CPU
		{84E29F43-EE64-4306-A969-8BAC95C75408}.Debug|Any CPU.ActiveCfg = Debug|Any CPU
		{84E29F43-EE64-4306-A969-8BAC95C75408}.Debug|Any CPU.Build.0 = Debug|Any CPU
		{84E29F43-EE64-4306-A969-8BAC95C75408}.Release|Any CPU.ActiveCfg = Release|Any CPU
		{84E29F43-EE64-4306-A969-8BAC95C75408}.Release|Any CPU.Build.0 = Release|Any CPU
		{DE6F291F-37DB-490A-A2F3-2B0A713FE01D}.Debug|Any CPU.ActiveCfg = Debug|Any CPU
		{DE6F291F-37DB-490A-A2F3-2B0A713FE01D}.Debug|Any CPU.Build.0 = Debug|Any CPU
		{DE6F291F-37DB-490A-A2F3-2B0A713FE01D}.Release|Any CPU.ActiveCfg = Release|Any CPU
		{DE6F291F-37DB-490A-A2F3-2B0A713FE01D}.Release|Any CPU.Build.0 = Release|Any CPU
		{BE83D866-953F-4871-889F-774C3E097AFE}.Debug|Any CPU.ActiveCfg = Debug|Any CPU
		{BE83D866-953F-4871-889F-774C3E097AFE}.Debug|Any CPU.Build.0 = Debug|Any CPU
		{BE83D866-953F-4871-889F-774C3E097AFE}.Release|Any CPU.ActiveCfg = Release|Any CPU
		{BE83D866-953F-4871-889F-774C3E097AFE}.Release|Any CPU.Build.0 = Release|Any CPU
		{57BE1471-66E1-4430-8082-CBF3A0917A85}.Debug|Any CPU.ActiveCfg = Debug|Any CPU
		{57BE1471-66E1-4430-8082-CBF3A0917A85}.Debug|Any CPU.Build.0 = Debug|Any CPU
		{57BE1471-66E1-4430-8082-CBF3A0917A85}.Release|Any CPU.ActiveCfg = Release|Any CPU
		{57BE1471-66E1-4430-8082-CBF3A0917A85}.Release|Any CPU.Build.0 = Release|Any CPU
		{D2FC9F21-002E-44B2-A2AB-AEE7DD68C9EF}.Debug|Any CPU.ActiveCfg = Debug|Any CPU
		{D2FC9F21-002E-44B2-A2AB-AEE7DD68C9EF}.Debug|Any CPU.Build.0 = Debug|Any CPU
		{D2FC9F21-002E-44B2-A2AB-AEE7DD68C9EF}.Release|Any CPU.ActiveCfg = Release|Any CPU
		{D2FC9F21-002E-44B2-A2AB-AEE7DD68C9EF}.Release|Any CPU.Build.0 = Release|Any CPU
		{2767CD96-F9A4-4088-A36E-18ACC1B48FC5}.Debug|Any CPU.ActiveCfg = Debug|Any CPU
		{2767CD96-F9A4-4088-A36E-18ACC1B48FC5}.Debug|Any CPU.Build.0 = Debug|Any CPU
		{2767CD96-F9A4-4088-A36E-18ACC1B48FC5}.Release|Any CPU.ActiveCfg = Release|Any CPU
		{2767CD96-F9A4-4088-A36E-18ACC1B48FC5}.Release|Any CPU.Build.0 = Release|Any CPU
		{DC67ABEB-9B9B-4958-AB37-73A2ADCD7830}.Debug|Any CPU.ActiveCfg = Debug|Any CPU
		{DC67ABEB-9B9B-4958-AB37-73A2ADCD7830}.Debug|Any CPU.Build.0 = Debug|Any CPU
		{DC67ABEB-9B9B-4958-AB37-73A2ADCD7830}.Release|Any CPU.ActiveCfg = Release|Any CPU
		{DC67ABEB-9B9B-4958-AB37-73A2ADCD7830}.Release|Any CPU.Build.0 = Release|Any CPU
		{7E8314A6-5BAA-4CA6-BB95-F1E413BED6FF}.Debug|Any CPU.ActiveCfg = Debug|Any CPU
		{7E8314A6-5BAA-4CA6-BB95-F1E413BED6FF}.Debug|Any CPU.Build.0 = Debug|Any CPU
		{7E8314A6-5BAA-4CA6-BB95-F1E413BED6FF}.Release|Any CPU.ActiveCfg = Release|Any CPU
		{7E8314A6-5BAA-4CA6-BB95-F1E413BED6FF}.Release|Any CPU.Build.0 = Release|Any CPU
		{3D5DBB36-72AF-46FB-AE9B-EB30660DCD36}.Debug|Any CPU.ActiveCfg = Debug|Any CPU
		{3D5DBB36-72AF-46FB-AE9B-EB30660DCD36}.Debug|Any CPU.Build.0 = Debug|Any CPU
		{3D5DBB36-72AF-46FB-AE9B-EB30660DCD36}.Release|Any CPU.ActiveCfg = Release|Any CPU
		{3D5DBB36-72AF-46FB-AE9B-EB30660DCD36}.Release|Any CPU.Build.0 = Release|Any CPU
		{F2AB9CF3-3D8D-490A-A38F-F5AB75AC0208}.Debug|Any CPU.ActiveCfg = Debug|Any CPU
		{F2AB9CF3-3D8D-490A-A38F-F5AB75AC0208}.Debug|Any CPU.Build.0 = Debug|Any CPU
		{F2AB9CF3-3D8D-490A-A38F-F5AB75AC0208}.Release|Any CPU.ActiveCfg = Release|Any CPU
		{F2AB9CF3-3D8D-490A-A38F-F5AB75AC0208}.Release|Any CPU.Build.0 = Release|Any CPU
		{6372DEF6-56A8-4CA1-B495-4E0EF0BA1E7F}.Debug|Any CPU.ActiveCfg = Debug|Any CPU
		{6372DEF6-56A8-4CA1-B495-4E0EF0BA1E7F}.Debug|Any CPU.Build.0 = Debug|Any CPU
		{6372DEF6-56A8-4CA1-B495-4E0EF0BA1E7F}.Release|Any CPU.ActiveCfg = Release|Any CPU
		{6372DEF6-56A8-4CA1-B495-4E0EF0BA1E7F}.Release|Any CPU.Build.0 = Release|Any CPU
		{D7D3A61B-A933-499A-9B41-1A1B3FAE2568}.Debug|Any CPU.ActiveCfg = Debug|Any CPU
		{D7D3A61B-A933-499A-9B41-1A1B3FAE2568}.Debug|Any CPU.Build.0 = Debug|Any CPU
		{D7D3A61B-A933-499A-9B41-1A1B3FAE2568}.Release|Any CPU.ActiveCfg = Release|Any CPU
		{D7D3A61B-A933-499A-9B41-1A1B3FAE2568}.Release|Any CPU.Build.0 = Release|Any CPU
	EndGlobalSection
	GlobalSection(SolutionProperties) = preSolution
		HideSolutionNode = FALSE
	EndGlobalSection
	GlobalSection(ExtensibilityGlobals) = postSolution
		SolutionGuid = {3E4D6C02-041E-49DE-8D7D-FD077266084A}
	EndGlobalSection
EndGlobal
