
Microsoft Visual Studio Solution File, Format Version 12.00
# Visual Studio 15
VisualStudioVersion = 15.0.28307.421
MinimumVisualStudioVersion = 10.0.40219.1
Project("{9A19103F-16F7-4668-BE54-9A1E7A4F7556}") = "P01_StudentSystem", "P01_StudentSystem\P01_StudentSystem.csproj", "{B33CFC4C-8FE1-48E6-892E-DC12D8B55FB1}"
EndProject
Project("{FAE04EC0-301F-11D3-BF4B-00C04F79EFBC}") = "P03_FootballBetting", "P03_FootballBetting\P03_FootballBetting.csproj", "{6A042AC7-2BCC-4CEA-BB55-4F7B07A0726F}"
EndProject
Global
	GlobalSection(SolutionConfigurationPlatforms) = preSolution
		Debug|Any CPU = Debug|Any CPU
		Release|Any CPU = Release|Any CPU
	EndGlobalSection
	GlobalSection(ProjectConfigurationPlatforms) = postSolution
		{B33CFC4C-8FE1-48E6-892E-DC12D8B55FB1}.Debug|Any CPU.ActiveCfg = Debug|Any CPU
		{B33CFC4C-8FE1-48E6-892E-DC12D8B55FB1}.Debug|Any CPU.Build.0 = Debug|Any CPU
		{B33CFC4C-8FE1-48E6-892E-DC12D8B55FB1}.Release|Any CPU.ActiveCfg = Release|Any CPU
		{B33CFC4C-8FE1-48E6-892E-DC12D8B55FB1}.Release|Any CPU.Build.0 = Release|Any CPU
		{6A042AC7-2BCC-4CEA-BB55-4F7B07A0726F}.Debug|Any CPU.ActiveCfg = Debug|Any CPU
		{6A042AC7-2BCC-4CEA-BB55-4F7B07A0726F}.Debug|Any CPU.Build.0 = Debug|Any CPU
		{6A042AC7-2BCC-4CEA-BB55-4F7B07A0726F}.Release|Any CPU.ActiveCfg = Release|Any CPU
		{6A042AC7-2BCC-4CEA-BB55-4F7B07A0726F}.Release|Any CPU.Build.0 = Release|Any CPU
	EndGlobalSection
	GlobalSection(SolutionProperties) = preSolution
		HideSolutionNode = FALSE
	EndGlobalSection
	GlobalSection(ExtensibilityGlobals) = postSolution
		SolutionGuid = {F23703E2-FC24-409F-BD04-311F8B4ED4A7}
	EndGlobalSection
EndGlobal
