
Microsoft Visual Studio Solution File, Format Version 12.00
# Visual Studio 15
VisualStudioVersion = 15.0.28010.2046
MinimumVisualStudioVersion = 10.0.40219.1
Project("{9A19103F-16F7-4668-BE54-9A1E7A4F7556}") = "ClassBox", "ClassBox\ClassBox.csproj", "{22D8B663-25E4-4755-8D1D-592684CDBB48}"
EndProject
Project("{9A19103F-16F7-4668-BE54-9A1E7A4F7556}") = "AnimalFarm", "AnimalFarm\AnimalFarm.csproj", "{6287B413-53DC-48CB-9231-BD89F28E10BF}"
EndProject
Project("{9A19103F-16F7-4668-BE54-9A1E7A4F7556}") = "ShoppingSpree", "ShoppingSpree\ShoppingSpree.csproj", "{CE886F27-9228-4A5C-9B77-D25BE45DC2A5}"
EndProject
Project("{FAE04EC0-301F-11D3-BF4B-00C04F79EFBC}") = "PizzaCalories", "PizzaCalories\PizzaCalories.csproj", "{FCFDAFBE-BDC7-4D9D-9D85-5AABF7E56586}"
EndProject
Global
	GlobalSection(SolutionConfigurationPlatforms) = preSolution
		Debug|Any CPU = Debug|Any CPU
		Release|Any CPU = Release|Any CPU
	EndGlobalSection
	GlobalSection(ProjectConfigurationPlatforms) = postSolution
		{22D8B663-25E4-4755-8D1D-592684CDBB48}.Debug|Any CPU.ActiveCfg = Debug|Any CPU
		{22D8B663-25E4-4755-8D1D-592684CDBB48}.Debug|Any CPU.Build.0 = Debug|Any CPU
		{22D8B663-25E4-4755-8D1D-592684CDBB48}.Release|Any CPU.ActiveCfg = Release|Any CPU
		{22D8B663-25E4-4755-8D1D-592684CDBB48}.Release|Any CPU.Build.0 = Release|Any CPU
		{6287B413-53DC-48CB-9231-BD89F28E10BF}.Debug|Any CPU.ActiveCfg = Debug|Any CPU
		{6287B413-53DC-48CB-9231-BD89F28E10BF}.Debug|Any CPU.Build.0 = Debug|Any CPU
		{6287B413-53DC-48CB-9231-BD89F28E10BF}.Release|Any CPU.ActiveCfg = Release|Any CPU
		{6287B413-53DC-48CB-9231-BD89F28E10BF}.Release|Any CPU.Build.0 = Release|Any CPU
		{CE886F27-9228-4A5C-9B77-D25BE45DC2A5}.Debug|Any CPU.ActiveCfg = Debug|Any CPU
		{CE886F27-9228-4A5C-9B77-D25BE45DC2A5}.Debug|Any CPU.Build.0 = Debug|Any CPU
		{CE886F27-9228-4A5C-9B77-D25BE45DC2A5}.Release|Any CPU.ActiveCfg = Release|Any CPU
		{CE886F27-9228-4A5C-9B77-D25BE45DC2A5}.Release|Any CPU.Build.0 = Release|Any CPU
		{FCFDAFBE-BDC7-4D9D-9D85-5AABF7E56586}.Debug|Any CPU.ActiveCfg = Debug|Any CPU
		{FCFDAFBE-BDC7-4D9D-9D85-5AABF7E56586}.Debug|Any CPU.Build.0 = Debug|Any CPU
		{FCFDAFBE-BDC7-4D9D-9D85-5AABF7E56586}.Release|Any CPU.ActiveCfg = Release|Any CPU
		{FCFDAFBE-BDC7-4D9D-9D85-5AABF7E56586}.Release|Any CPU.Build.0 = Release|Any CPU
	EndGlobalSection
	GlobalSection(SolutionProperties) = preSolution
		HideSolutionNode = FALSE
	EndGlobalSection
	GlobalSection(ExtensibilityGlobals) = postSolution
		SolutionGuid = {B3A5BAD3-1D92-4234-9692-E29FD0A3E55A}
	EndGlobalSection
EndGlobal
