
Microsoft Visual Studio Solution File, Format Version 12.00
# Visual Studio 15
VisualStudioVersion = 15.0.28307.421
MinimumVisualStudioVersion = 10.0.40219.1
Project("{9A19103F-16F7-4668-BE54-9A1E7A4F7556}") = "Person", "Person.csproj", "{9FA5B7E1-4E52-488F-8802-FAAE5EBEE665}"
EndProject
Global
	GlobalSection(SolutionConfigurationPlatforms) = preSolution
		Debug|Any CPU = Debug|Any CPU
		Release|Any CPU = Release|Any CPU
	EndGlobalSection
	GlobalSection(ProjectConfigurationPlatforms) = postSolution
		{9FA5B7E1-4E52-488F-8802-FAAE5EBEE665}.Debug|Any CPU.ActiveCfg = Debug|Any CPU
		{9FA5B7E1-4E52-488F-8802-FAAE5EBEE665}.Debug|Any CPU.Build.0 = Debug|Any CPU
		{9FA5B7E1-4E52-488F-8802-FAAE5EBEE665}.Release|Any CPU.ActiveCfg = Release|Any CPU
		{9FA5B7E1-4E52-488F-8802-FAAE5EBEE665}.Release|Any CPU.Build.0 = Release|Any CPU
	EndGlobalSection
	GlobalSection(SolutionProperties) = preSolution
		HideSolutionNode = FALSE
	EndGlobalSection
	GlobalSection(ExtensibilityGlobals) = postSolution
		SolutionGuid = {F7E36D0D-E29D-4220-A87C-52DFE2793092}
	EndGlobalSection
EndGlobal
