
Microsoft Visual Studio Solution File, Format Version 12.00
# Visual Studio 15
VisualStudioVersion = 15.0.28307.421
MinimumVisualStudioVersion = 10.0.40219.1
Project("{9A19103F-16F7-4668-BE54-9A1E7A4F7556}") = "BillsPaymentSystem.Data", "BillsPaymentSystem.Data\BillsPaymentSystem.Data.csproj", "{4DABC6B4-B6F1-4127-959D-8211FCB564EE}"
EndProject
Project("{9A19103F-16F7-4668-BE54-9A1E7A4F7556}") = "BillsPaymentSystem.Models", "BillsPaymentSystem.Models\BillsPaymentSystem.Models.csproj", "{B440A413-5CE6-43DA-8B7B-D951B5023EAF}"
EndProject
Project("{FAE04EC0-301F-11D3-BF4B-00C04F79EFBC}") = "BillsPaymentSystem.App", "BillsPaymentSystem.App\BillsPaymentSystem.App.csproj", "{ECB2D743-33EC-4633-B4FA-01DA6A2B57DB}"
EndProject
Global
	GlobalSection(SolutionConfigurationPlatforms) = preSolution
		Debug|Any CPU = Debug|Any CPU
		Release|Any CPU = Release|Any CPU
	EndGlobalSection
	GlobalSection(ProjectConfigurationPlatforms) = postSolution
		{4DABC6B4-B6F1-4127-959D-8211FCB564EE}.Debug|Any CPU.ActiveCfg = Debug|Any CPU
		{4DABC6B4-B6F1-4127-959D-8211FCB564EE}.Debug|Any CPU.Build.0 = Debug|Any CPU
		{4DABC6B4-B6F1-4127-959D-8211FCB564EE}.Release|Any CPU.ActiveCfg = Release|Any CPU
		{4DABC6B4-B6F1-4127-959D-8211FCB564EE}.Release|Any CPU.Build.0 = Release|Any CPU
		{B440A413-5CE6-43DA-8B7B-D951B5023EAF}.Debug|Any CPU.ActiveCfg = Debug|Any CPU
		{B440A413-5CE6-43DA-8B7B-D951B5023EAF}.Debug|Any CPU.Build.0 = Debug|Any CPU
		{B440A413-5CE6-43DA-8B7B-D951B5023EAF}.Release|Any CPU.ActiveCfg = Release|Any CPU
		{B440A413-5CE6-43DA-8B7B-D951B5023EAF}.Release|Any CPU.Build.0 = Release|Any CPU
		{ECB2D743-33EC-4633-B4FA-01DA6A2B57DB}.Debug|Any CPU.ActiveCfg = Debug|Any CPU
		{ECB2D743-33EC-4633-B4FA-01DA6A2B57DB}.Debug|Any CPU.Build.0 = Debug|Any CPU
		{ECB2D743-33EC-4633-B4FA-01DA6A2B57DB}.Release|Any CPU.ActiveCfg = Release|Any CPU
		{ECB2D743-33EC-4633-B4FA-01DA6A2B57DB}.Release|Any CPU.Build.0 = Release|Any CPU
	EndGlobalSection
	GlobalSection(SolutionProperties) = preSolution
		HideSolutionNode = FALSE
	EndGlobalSection
	GlobalSection(ExtensibilityGlobals) = postSolution
		SolutionGuid = {AAE490C3-6017-4C1A-9DB1-5C7A56801384}
	EndGlobalSection
EndGlobal
