
Microsoft Visual Studio Solution File, Format Version 12.00
# Visual Studio Version 16
VisualStudioVersion = 16.0.28917.182
MinimumVisualStudioVersion = 10.0.40219.1
Project("{FAE04EC0-301F-11D3-BF4B-00C04F79EFBC}") = "HTTP", "HTTP\HTTP.csproj", "{AA6F67FA-D753-4B06-B781-1958B227EB27}"
EndProject
Global
	GlobalSection(SolutionConfigurationPlatforms) = preSolution
		Debug|Any CPU = Debug|Any CPU
		Release|Any CPU = Release|Any CPU
	EndGlobalSection
	GlobalSection(ProjectConfigurationPlatforms) = postSolution
		{AA6F67FA-D753-4B06-B781-1958B227EB27}.Debug|Any CPU.ActiveCfg = Debug|Any CPU
		{AA6F67FA-D753-4B06-B781-1958B227EB27}.Debug|Any CPU.Build.0 = Debug|Any CPU
		{AA6F67FA-D753-4B06-B781-1958B227EB27}.Release|Any CPU.ActiveCfg = Release|Any CPU
		{AA6F67FA-D753-4B06-B781-1958B227EB27}.Release|Any CPU.Build.0 = Release|Any CPU
	EndGlobalSection
	GlobalSection(SolutionProperties) = preSolution
		HideSolutionNode = FALSE
	EndGlobalSection
	GlobalSection(ExtensibilityGlobals) = postSolution
		SolutionGuid = {7405C603-A09B-4E1B-8D05-4C985B8E33B2}
	EndGlobalSection
EndGlobal
