
Microsoft Visual Studio Solution File, Format Version 12.00
# Visual Studio 15
VisualStudioVersion = 15.0.27703.2035
MinimumVisualStudioVersion = 10.0.40219.1
Project("{FAE04EC0-301F-11D3-BF4B-00C04F79EFBC}") = "Pr.1ExtractEmails", "Pr.1ExtractEmails\Pr.1ExtractEmails.csproj", "{77C71E80-490C-4878-AF8A-65AA4FA0C0A8}"
EndProject
Global
	GlobalSection(SolutionConfigurationPlatforms) = preSolution
		Debug|Any CPU = Debug|Any CPU
		Release|Any CPU = Release|Any CPU
	EndGlobalSection
	GlobalSection(ProjectConfigurationPlatforms) = postSolution
		{77C71E80-490C-4878-AF8A-65AA4FA0C0A8}.Debug|Any CPU.ActiveCfg = Debug|Any CPU
		{77C71E80-490C-4878-AF8A-65AA4FA0C0A8}.Debug|Any CPU.Build.0 = Debug|Any CPU
		{77C71E80-490C-4878-AF8A-65AA4FA0C0A8}.Release|Any CPU.ActiveCfg = Release|Any CPU
		{77C71E80-490C-4878-AF8A-65AA4FA0C0A8}.Release|Any CPU.Build.0 = Release|Any CPU
	EndGlobalSection
	GlobalSection(SolutionProperties) = preSolution
		HideSolutionNode = FALSE
	EndGlobalSection
	GlobalSection(ExtensibilityGlobals) = postSolution
		SolutionGuid = {1F9E599F-B4B0-456D-B6E3-61F45E52FA86}
	EndGlobalSection
EndGlobal
